// !$*UTF8*$!
{
	archiveVersion = 1;
	classes = {
	};
	objectVersion = 50;
	objects = {

/* Begin PBXBuildFile section */
		631246F426239A6C0064EFE1 /* AppDelegate.swift in Sources */ = {isa = PBXBuildFile; fileRef = 631246F326239A6C0064EFE1 /* AppDelegate.swift */; };
		631246F826239A6C0064EFE1 /* ViewController.swift in Sources */ = {isa = PBXBuildFile; fileRef = 631246F726239A6C0064EFE1 /* ViewController.swift */; };
		631246FB26239A6C0064EFE1 /* Main.storyboard in Resources */ = {isa = PBXBuildFile; fileRef = 631246F926239A6C0064EFE1 /* Main.storyboard */; };
		631246FD26239A6F0064EFE1 /* Assets.xcassets in Resources */ = {isa = PBXBuildFile; fileRef = 631246FC26239A6F0064EFE1 /* Assets.xcassets */; };
		6312470026239A6F0064EFE1 /* LaunchScreen.storyboard in Resources */ = {isa = PBXBuildFile; fileRef = 631246FE26239A6F0064EFE1 /* LaunchScreen.storyboard */; };
		6312470B26239A6F0064EFE1 /* EchoBind_SpotifyTests.swift in Sources */ = {isa = PBXBuildFile; fileRef = 6312470A26239A6F0064EFE1 /* EchoBind_SpotifyTests.swift */; };
		6312471626239A6F0064EFE1 /* EchoBind_SpotifyUITests.swift in Sources */ = {isa = PBXBuildFile; fileRef = 6312471526239A6F0064EFE1 /* EchoBind_SpotifyUITests.swift */; };
		631247342623A2CB0064EFE1 /* Button.swift in Sources */ = {isa = PBXBuildFile; fileRef = 631247332623A2CB0064EFE1 /* Button.swift */; };
		6312473E2623A4290064EFE1 /* SwiftyJSON.swift in Sources */ = {isa = PBXBuildFile; fileRef = 6312473D2623A4290064EFE1 /* SwiftyJSON.swift */; };
		6312474C2623A9AB0064EFE1 /* SpotifyiOS.framework in Frameworks */ = {isa = PBXBuildFile; fileRef = 631247382623A33F0064EFE1 /* SpotifyiOS.framework */; };
		6312474D2623A9AB0064EFE1 /* SpotifyiOS.framework in Embed Frameworks */ = {isa = PBXBuildFile; fileRef = 631247382623A33F0064EFE1 /* SpotifyiOS.framework */; settings = {ATTRIBUTES = (CodeSignOnCopy, RemoveHeadersOnCopy, ); }; };
		6353A1392623AF920091FC4F /* Network.swift in Sources */ = {isa = PBXBuildFile; fileRef = 6353A1382623AF920091FC4F /* Network.swift */; };
		6353A13F2623AFB20091FC4F /* APIService.swift in Sources */ = {isa = PBXBuildFile; fileRef = 6353A13E2623AFB20091FC4F /* APIService.swift */; };
		6353A1452623B3AD0091FC4F /* SpotifyService.swift in Sources */ = {isa = PBXBuildFile; fileRef = 6353A1442623B3AD0091FC4F /* SpotifyService.swift */; };
		6353A14A2623B8100091FC4F /* SessionDidInitiateEvent.swift in Sources */ = {isa = PBXBuildFile; fileRef = 6353A1492623B8100091FC4F /* SessionDidInitiateEvent.swift */; };
		6353A1502623CE0E0091FC4F /* AlbumTableViewController.swift in Sources */ = {isa = PBXBuildFile; fileRef = 6353A14F2623CE0E0091FC4F /* AlbumTableViewController.swift */; };
/* End PBXBuildFile section */

/* Begin PBXContainerItemProxy section */
		6312470726239A6F0064EFE1 /* PBXContainerItemProxy */ = {
			isa = PBXContainerItemProxy;
			containerPortal = 631246E826239A6C0064EFE1 /* Project object */;
			proxyType = 1;
			remoteGlobalIDString = 631246EF26239A6C0064EFE1;
			remoteInfo = "EchoBind-Spotify";
		};
		6312471226239A6F0064EFE1 /* PBXContainerItemProxy */ = {
			isa = PBXContainerItemProxy;
			containerPortal = 631246E826239A6C0064EFE1 /* Project object */;
			proxyType = 1;
			remoteGlobalIDString = 631246EF26239A6C0064EFE1;
			remoteInfo = "EchoBind-Spotify";
		};
/* End PBXContainerItemProxy section */

/* Begin PBXCopyFilesBuildPhase section */
		6312474E2623A9AB0064EFE1 /* Embed Frameworks */ = {
			isa = PBXCopyFilesBuildPhase;
			buildActionMask = 2147483647;
			dstPath = "";
			dstSubfolderSpec = 10;
			files = (
				6312474D2623A9AB0064EFE1 /* SpotifyiOS.framework in Embed Frameworks */,
			);
			name = "Embed Frameworks";
			runOnlyForDeploymentPostprocessing = 0;
		};
/* End PBXCopyFilesBuildPhase section */

/* Begin PBXFileReference section */
		631246F026239A6C0064EFE1 /* EchoBind-Spotify.app */ = {isa = PBXFileReference; explicitFileType = wrapper.application; includeInIndex = 0; path = "EchoBind-Spotify.app"; sourceTree = BUILT_PRODUCTS_DIR; };
		631246F326239A6C0064EFE1 /* AppDelegate.swift */ = {isa = PBXFileReference; lastKnownFileType = sourcecode.swift; path = AppDelegate.swift; sourceTree = "<group>"; };
		631246F726239A6C0064EFE1 /* ViewController.swift */ = {isa = PBXFileReference; lastKnownFileType = sourcecode.swift; path = ViewController.swift; sourceTree = "<group>"; };
		631246FA26239A6C0064EFE1 /* Base */ = {isa = PBXFileReference; lastKnownFileType = file.storyboard; name = Base; path = Base.lproj/Main.storyboard; sourceTree = "<group>"; };
		631246FC26239A6F0064EFE1 /* Assets.xcassets */ = {isa = PBXFileReference; lastKnownFileType = folder.assetcatalog; path = Assets.xcassets; sourceTree = "<group>"; };
		631246FF26239A6F0064EFE1 /* Base */ = {isa = PBXFileReference; lastKnownFileType = file.storyboard; name = Base; path = Base.lproj/LaunchScreen.storyboard; sourceTree = "<group>"; };
		6312470126239A6F0064EFE1 /* Info.plist */ = {isa = PBXFileReference; lastKnownFileType = text.plist.xml; path = Info.plist; sourceTree = "<group>"; };
		6312470626239A6F0064EFE1 /* EchoBind-SpotifyTests.xctest */ = {isa = PBXFileReference; explicitFileType = wrapper.cfbundle; includeInIndex = 0; path = "EchoBind-SpotifyTests.xctest"; sourceTree = BUILT_PRODUCTS_DIR; };
		6312470A26239A6F0064EFE1 /* EchoBind_SpotifyTests.swift */ = {isa = PBXFileReference; lastKnownFileType = sourcecode.swift; path = EchoBind_SpotifyTests.swift; sourceTree = "<group>"; };
		6312470C26239A6F0064EFE1 /* Info.plist */ = {isa = PBXFileReference; lastKnownFileType = text.plist.xml; path = Info.plist; sourceTree = "<group>"; };
		6312471126239A6F0064EFE1 /* EchoBind-SpotifyUITests.xctest */ = {isa = PBXFileReference; explicitFileType = wrapper.cfbundle; includeInIndex = 0; path = "EchoBind-SpotifyUITests.xctest"; sourceTree = BUILT_PRODUCTS_DIR; };
		6312471526239A6F0064EFE1 /* EchoBind_SpotifyUITests.swift */ = {isa = PBXFileReference; lastKnownFileType = sourcecode.swift; path = EchoBind_SpotifyUITests.swift; sourceTree = "<group>"; };
		6312471726239A6F0064EFE1 /* Info.plist */ = {isa = PBXFileReference; lastKnownFileType = text.plist.xml; path = Info.plist; sourceTree = "<group>"; };
		631247332623A2CB0064EFE1 /* Button.swift */ = {isa = PBXFileReference; lastKnownFileType = sourcecode.swift; path = Button.swift; sourceTree = "<group>"; };
		631247382623A33F0064EFE1 /* SpotifyiOS.framework */ = {isa = PBXFileReference; lastKnownFileType = wrapper.framework; path = SpotifyiOS.framework; sourceTree = "<group>"; };
		6312473D2623A4290064EFE1 /* SwiftyJSON.swift */ = {isa = PBXFileReference; fileEncoding = 4; lastKnownFileType = sourcecode.swift; path = SwiftyJSON.swift; sourceTree = "<group>"; };
		631247482623A56F0064EFE1 /* EchoBind-Spotify-Bridging-Header.h */ = {isa = PBXFileReference; lastKnownFileType = sourcecode.c.h; path = "EchoBind-Spotify-Bridging-Header.h"; sourceTree = "<group>"; };
		6353A1382623AF920091FC4F /* Network.swift */ = {isa = PBXFileReference; lastKnownFileType = sourcecode.swift; path = Network.swift; sourceTree = "<group>"; };
		6353A13E2623AFB20091FC4F /* APIService.swift */ = {isa = PBXFileReference; lastKnownFileType = sourcecode.swift; path = APIService.swift; sourceTree = "<group>"; };
		6353A1442623B3AD0091FC4F /* SpotifyService.swift */ = {isa = PBXFileReference; lastKnownFileType = sourcecode.swift; path = SpotifyService.swift; sourceTree = "<group>"; };
		6353A1492623B8100091FC4F /* SessionDidInitiateEvent.swift */ = {isa = PBXFileReference; lastKnownFileType = sourcecode.swift; path = SessionDidInitiateEvent.swift; sourceTree = "<group>"; };
		6353A14F2623CE0E0091FC4F /* AlbumTableViewController.swift */ = {isa = PBXFileReference; lastKnownFileType = sourcecode.swift; path = AlbumTableViewController.swift; sourceTree = "<group>"; };
/* End PBXFileReference section */

/* Begin PBXFrameworksBuildPhase section */
		631246ED26239A6C0064EFE1 /* Frameworks */ = {
			isa = PBXFrameworksBuildPhase;
			buildActionMask = 2147483647;
			files = (
				6312474C2623A9AB0064EFE1 /* SpotifyiOS.framework in Frameworks */,
			);
			runOnlyForDeploymentPostprocessing = 0;
		};
		6312470326239A6F0064EFE1 /* Frameworks */ = {
			isa = PBXFrameworksBuildPhase;
			buildActionMask = 2147483647;
			files = (
			);
			runOnlyForDeploymentPostprocessing = 0;
		};
		6312470E26239A6F0064EFE1 /* Frameworks */ = {
			isa = PBXFrameworksBuildPhase;
			buildActionMask = 2147483647;
			files = (
			);
			runOnlyForDeploymentPostprocessing = 0;
		};
/* End PBXFrameworksBuildPhase section */

/* Begin PBXGroup section */
		631246E726239A6C0064EFE1 = {
			isa = PBXGroup;
			children = (
				631246F226239A6C0064EFE1 /* EchoBind-Spotify */,
				6312470926239A6F0064EFE1 /* EchoBind-SpotifyTests */,
				6312471426239A6F0064EFE1 /* EchoBind-SpotifyUITests */,
				631246F126239A6C0064EFE1 /* Products */,
			);
			sourceTree = "<group>";
		};
		631246F126239A6C0064EFE1 /* Products */ = {
			isa = PBXGroup;
			children = (
				631246F026239A6C0064EFE1 /* EchoBind-Spotify.app */,
				6312470626239A6F0064EFE1 /* EchoBind-SpotifyTests.xctest */,
				6312471126239A6F0064EFE1 /* EchoBind-SpotifyUITests.xctest */,
			);
			name = Products;
			sourceTree = "<group>";
		};
		631246F226239A6C0064EFE1 /* EchoBind-Spotify */ = {
			isa = PBXGroup;
			children = (
				631246F326239A6C0064EFE1 /* AppDelegate.swift */,
				6312472926239D7D0064EFE1 /* Services */,
				6312472A26239D8A0064EFE1 /* Views */,
				6312472B26239D950064EFE1 /* Controllers */,
				6353A1482623B7BA0091FC4F /* Messaging */,
				6312472C26239DA10064EFE1 /* Resources */,
			);
			path = "EchoBind-Spotify";
			sourceTree = "<group>";
		};
		6312470926239A6F0064EFE1 /* EchoBind-SpotifyTests */ = {
			isa = PBXGroup;
			children = (
				6312470A26239A6F0064EFE1 /* EchoBind_SpotifyTests.swift */,
				6312470C26239A6F0064EFE1 /* Info.plist */,
			);
			path = "EchoBind-SpotifyTests";
			sourceTree = "<group>";
		};
		6312471426239A6F0064EFE1 /* EchoBind-SpotifyUITests */ = {
			isa = PBXGroup;
			children = (
				6312471526239A6F0064EFE1 /* EchoBind_SpotifyUITests.swift */,
				6312471726239A6F0064EFE1 /* Info.plist */,
			);
			path = "EchoBind-SpotifyUITests";
			sourceTree = "<group>";
		};
		6312472926239D7D0064EFE1 /* Services */ = {
			isa = PBXGroup;
			children = (
				6353A13E2623AFB20091FC4F /* APIService.swift */,
				6353A1382623AF920091FC4F /* Network.swift */,
				6353A1442623B3AD0091FC4F /* SpotifyService.swift */,
			);
			path = Services;
			sourceTree = "<group>";
		};
		6312472A26239D8A0064EFE1 /* Views */ = {
			isa = PBXGroup;
			children = (
				631246F926239A6C0064EFE1 /* Main.storyboard */,
				631246FE26239A6F0064EFE1 /* LaunchScreen.storyboard */,
				631247332623A2CB0064EFE1 /* Button.swift */,
			);
			path = Views;
			sourceTree = "<group>";
		};
		6312472B26239D950064EFE1 /* Controllers */ = {
			isa = PBXGroup;
			children = (
				631246F726239A6C0064EFE1 /* ViewController.swift */,
				6353A14F2623CE0E0091FC4F /* AlbumTableViewController.swift */,
			);
			path = Controllers;
			sourceTree = "<group>";
		};
		6312472C26239DA10064EFE1 /* Resources */ = {
			isa = PBXGroup;
			children = (
				6312470126239A6F0064EFE1 /* Info.plist */,
				631246FC26239A6F0064EFE1 /* Assets.xcassets */,
				6312473D2623A4290064EFE1 /* SwiftyJSON.swift */,
				631247382623A33F0064EFE1 /* SpotifyiOS.framework */,
				631247482623A56F0064EFE1 /* EchoBind-Spotify-Bridging-Header.h */,
			);
			path = Resources;
			sourceTree = "<group>";
		};
		6353A1482623B7BA0091FC4F /* Messaging */ = {
			isa = PBXGroup;
			children = (
				6353A1492623B8100091FC4F /* SessionDidInitiateEvent.swift */,
			);
			path = Messaging;
			sourceTree = "<group>";
		};
/* End PBXGroup section */

/* Begin PBXNativeTarget section */
		631246EF26239A6C0064EFE1 /* EchoBind-Spotify */ = {
			isa = PBXNativeTarget;
			buildConfigurationList = 6312471A26239A6F0064EFE1 /* Build configuration list for PBXNativeTarget "EchoBind-Spotify" */;
			buildPhases = (
				631246EC26239A6C0064EFE1 /* Sources */,
				631246ED26239A6C0064EFE1 /* Frameworks */,
				631246EE26239A6C0064EFE1 /* Resources */,
				6312474E2623A9AB0064EFE1 /* Embed Frameworks */,
			);
			buildRules = (
			);
			dependencies = (
			);
			name = "EchoBind-Spotify";
			productName = "EchoBind-Spotify";
			productReference = 631246F026239A6C0064EFE1 /* EchoBind-Spotify.app */;
			productType = "com.apple.product-type.application";
		};
		6312470526239A6F0064EFE1 /* EchoBind-SpotifyTests */ = {
			isa = PBXNativeTarget;
			buildConfigurationList = 6312471D26239A6F0064EFE1 /* Build configuration list for PBXNativeTarget "EchoBind-SpotifyTests" */;
			buildPhases = (
				6312470226239A6F0064EFE1 /* Sources */,
				6312470326239A6F0064EFE1 /* Frameworks */,
				6312470426239A6F0064EFE1 /* Resources */,
			);
			buildRules = (
			);
			dependencies = (
				6312470826239A6F0064EFE1 /* PBXTargetDependency */,
			);
			name = "EchoBind-SpotifyTests";
			productName = "EchoBind-SpotifyTests";
			productReference = 6312470626239A6F0064EFE1 /* EchoBind-SpotifyTests.xctest */;
			productType = "com.apple.product-type.bundle.unit-test";
		};
		6312471026239A6F0064EFE1 /* EchoBind-SpotifyUITests */ = {
			isa = PBXNativeTarget;
			buildConfigurationList = 6312472026239A6F0064EFE1 /* Build configuration list for PBXNativeTarget "EchoBind-SpotifyUITests" */;
			buildPhases = (
				6312470D26239A6F0064EFE1 /* Sources */,
				6312470E26239A6F0064EFE1 /* Frameworks */,
				6312470F26239A6F0064EFE1 /* Resources */,
			);
			buildRules = (
			);
			dependencies = (
				6312471326239A6F0064EFE1 /* PBXTargetDependency */,
			);
			name = "EchoBind-SpotifyUITests";
			productName = "EchoBind-SpotifyUITests";
			productReference = 6312471126239A6F0064EFE1 /* EchoBind-SpotifyUITests.xctest */;
			productType = "com.apple.product-type.bundle.ui-testing";
		};
/* End PBXNativeTarget section */

/* Begin PBXProject section */
		631246E826239A6C0064EFE1 /* Project object */ = {
			isa = PBXProject;
			attributes = {
				LastSwiftUpdateCheck = 1240;
				LastUpgradeCheck = 1240;
				TargetAttributes = {
					631246EF26239A6C0064EFE1 = {
						CreatedOnToolsVersion = 12.4;
					};
					6312470526239A6F0064EFE1 = {
						CreatedOnToolsVersion = 12.4;
						TestTargetID = 631246EF26239A6C0064EFE1;
					};
					6312471026239A6F0064EFE1 = {
						CreatedOnToolsVersion = 12.4;
						TestTargetID = 631246EF26239A6C0064EFE1;
					};
				};
			};
			buildConfigurationList = 631246EB26239A6C0064EFE1 /* Build configuration list for PBXProject "EchoBind-Spotify" */;
			compatibilityVersion = "Xcode 9.3";
			developmentRegion = en;
			hasScannedForEncodings = 0;
			knownRegions = (
				en,
				Base,
			);
			mainGroup = 631246E726239A6C0064EFE1;
			productRefGroup = 631246F126239A6C0064EFE1 /* Products */;
			projectDirPath = "";
			projectRoot = "";
			targets = (
				631246EF26239A6C0064EFE1 /* EchoBind-Spotify */,
				6312470526239A6F0064EFE1 /* EchoBind-SpotifyTests */,
				6312471026239A6F0064EFE1 /* EchoBind-SpotifyUITests */,
			);
		};
/* End PBXProject section */

/* Begin PBXResourcesBuildPhase section */
		631246EE26239A6C0064EFE1 /* Resources */ = {
			isa = PBXResourcesBuildPhase;
			buildActionMask = 2147483647;
			files = (
				6312470026239A6F0064EFE1 /* LaunchScreen.storyboard in Resources */,
				631246FD26239A6F0064EFE1 /* Assets.xcassets in Resources */,
				631246FB26239A6C0064EFE1 /* Main.storyboard in Resources */,
			);
			runOnlyForDeploymentPostprocessing = 0;
		};
		6312470426239A6F0064EFE1 /* Resources */ = {
			isa = PBXResourcesBuildPhase;
			buildActionMask = 2147483647;
			files = (
			);
			runOnlyForDeploymentPostprocessing = 0;
		};
		6312470F26239A6F0064EFE1 /* Resources */ = {
			isa = PBXResourcesBuildPhase;
			buildActionMask = 2147483647;
			files = (
			);
			runOnlyForDeploymentPostprocessing = 0;
		};
/* End PBXResourcesBuildPhase section */

/* Begin PBXSourcesBuildPhase section */
		631246EC26239A6C0064EFE1 /* Sources */ = {
			isa = PBXSourcesBuildPhase;
			buildActionMask = 2147483647;
			files = (
				6353A1392623AF920091FC4F /* Network.swift in Sources */,
				631246F826239A6C0064EFE1 /* ViewController.swift in Sources */,
				631247342623A2CB0064EFE1 /* Button.swift in Sources */,
				631246F426239A6C0064EFE1 /* AppDelegate.swift in Sources */,
				6353A1452623B3AD0091FC4F /* SpotifyService.swift in Sources */,
				6353A13F2623AFB20091FC4F /* APIService.swift in Sources */,
				6353A14A2623B8100091FC4F /* SessionDidInitiateEvent.swift in Sources */,
				6353A1502623CE0E0091FC4F /* AlbumTableViewController.swift in Sources */,
				6312473E2623A4290064EFE1 /* SwiftyJSON.swift in Sources */,
			);
			runOnlyForDeploymentPostprocessing = 0;
		};
		6312470226239A6F0064EFE1 /* Sources */ = {
			isa = PBXSourcesBuildPhase;
			buildActionMask = 2147483647;
			files = (
				6312470B26239A6F0064EFE1 /* EchoBind_SpotifyTests.swift in Sources */,
			);
			runOnlyForDeploymentPostprocessing = 0;
		};
		6312470D26239A6F0064EFE1 /* Sources */ = {
			isa = PBXSourcesBuildPhase;
			buildActionMask = 2147483647;
			files = (
				6312471626239A6F0064EFE1 /* EchoBind_SpotifyUITests.swift in Sources */,
			);
			runOnlyForDeploymentPostprocessing = 0;
		};
/* End PBXSourcesBuildPhase section */

/* Begin PBXTargetDependency section */
		6312470826239A6F0064EFE1 /* PBXTargetDependency */ = {
			isa = PBXTargetDependency;
			target = 631246EF26239A6C0064EFE1 /* EchoBind-Spotify */;
			targetProxy = 6312470726239A6F0064EFE1 /* PBXContainerItemProxy */;
		};
		6312471326239A6F0064EFE1 /* PBXTargetDependency */ = {
			isa = PBXTargetDependency;
			target = 631246EF26239A6C0064EFE1 /* EchoBind-Spotify */;
			targetProxy = 6312471226239A6F0064EFE1 /* PBXContainerItemProxy */;
		};
/* End PBXTargetDependency section */

/* Begin PBXVariantGroup section */
		631246F926239A6C0064EFE1 /* Main.storyboard */ = {
			isa = PBXVariantGroup;
			children = (
				631246FA26239A6C0064EFE1 /* Base */,
			);
			name = Main.storyboard;
			sourceTree = "<group>";
		};
		631246FE26239A6F0064EFE1 /* LaunchScreen.storyboard */ = {
			isa = PBXVariantGroup;
			children = (
				631246FF26239A6F0064EFE1 /* Base */,
			);
			name = LaunchScreen.storyboard;
			sourceTree = "<group>";
		};
/* End PBXVariantGroup section */

/* Begin XCBuildConfiguration section */
		6312471826239A6F0064EFE1 /* Debug */ = {
			isa = XCBuildConfiguration;
			buildSettings = {
				ALWAYS_SEARCH_USER_PATHS = NO;
				CLANG_ANALYZER_NONNULL = YES;
				CLANG_ANALYZER_NUMBER_OBJECT_CONVERSION = YES_AGGRESSIVE;
				CLANG_CXX_LANGUAGE_STANDARD = "gnu++14";
				CLANG_CXX_LIBRARY = "libc++";
				CLANG_ENABLE_MODULES = YES;
				CLANG_ENABLE_OBJC_ARC = YES;
				CLANG_ENABLE_OBJC_WEAK = YES;
				CLANG_WARN_BLOCK_CAPTURE_AUTORELEASING = YES;
				CLANG_WARN_BOOL_CONVERSION = YES;
				CLANG_WARN_COMMA = YES;
				CLANG_WARN_CONSTANT_CONVERSION = YES;
				CLANG_WARN_DEPRECATED_OBJC_IMPLEMENTATIONS = YES;
				CLANG_WARN_DIRECT_OBJC_ISA_USAGE = YES_ERROR;
				CLANG_WARN_DOCUMENTATION_COMMENTS = YES;
				CLANG_WARN_EMPTY_BODY = YES;
				CLANG_WARN_ENUM_CONVERSION = YES;
				CLANG_WARN_INFINITE_RECURSION = YES;
				CLANG_WARN_INT_CONVERSION = YES;
				CLANG_WARN_NON_LITERAL_NULL_CONVERSION = YES;
				CLANG_WARN_OBJC_IMPLICIT_RETAIN_SELF = YES;
				CLANG_WARN_OBJC_LITERAL_CONVERSION = YES;
				CLANG_WARN_OBJC_ROOT_CLASS = YES_ERROR;
				CLANG_WARN_QUOTED_INCLUDE_IN_FRAMEWORK_HEADER = YES;
				CLANG_WARN_RANGE_LOOP_ANALYSIS = YES;
				CLANG_WARN_STRICT_PROTOTYPES = YES;
				CLANG_WARN_SUSPICIOUS_MOVE = YES;
				CLANG_WARN_UNGUARDED_AVAILABILITY = YES_AGGRESSIVE;
				CLANG_WARN_UNREACHABLE_CODE = YES;
				CLANG_WARN__DUPLICATE_METHOD_MATCH = YES;
				COPY_PHASE_STRIP = NO;
				DEBUG_INFORMATION_FORMAT = dwarf;
				ENABLE_STRICT_OBJC_MSGSEND = YES;
				ENABLE_TESTABILITY = YES;
				GCC_C_LANGUAGE_STANDARD = gnu11;
				GCC_DYNAMIC_NO_PIC = NO;
				GCC_NO_COMMON_BLOCKS = YES;
				GCC_OPTIMIZATION_LEVEL = 0;
				GCC_PREPROCESSOR_DEFINITIONS = (
					"DEBUG=1",
					"$(inherited)",
				);
				GCC_WARN_64_TO_32_BIT_CONVERSION = YES;
				GCC_WARN_ABOUT_RETURN_TYPE = YES_ERROR;
				GCC_WARN_UNDECLARED_SELECTOR = YES;
				GCC_WARN_UNINITIALIZED_AUTOS = YES_AGGRESSIVE;
				GCC_WARN_UNUSED_FUNCTION = YES;
				GCC_WARN_UNUSED_VARIABLE = YES;
				IPHONEOS_DEPLOYMENT_TARGET = 14.4;
				MTL_ENABLE_DEBUG_INFO = INCLUDE_SOURCE;
				MTL_FAST_MATH = YES;
				ONLY_ACTIVE_ARCH = YES;
				SDKROOT = iphoneos;
				SWIFT_ACTIVE_COMPILATION_CONDITIONS = DEBUG;
				SWIFT_OPTIMIZATION_LEVEL = "-Onone";
			};
			name = Debug;
		};
		6312471926239A6F0064EFE1 /* Release */ = {
			isa = XCBuildConfiguration;
			buildSettings = {
				ALWAYS_SEARCH_USER_PATHS = NO;
				CLANG_ANALYZER_NONNULL = YES;
				CLANG_ANALYZER_NUMBER_OBJECT_CONVERSION = YES_AGGRESSIVE;
				CLANG_CXX_LANGUAGE_STANDARD = "gnu++14";
				CLANG_CXX_LIBRARY = "libc++";
				CLANG_ENABLE_MODULES = YES;
				CLANG_ENABLE_OBJC_ARC = YES;
				CLANG_ENABLE_OBJC_WEAK = YES;
				CLANG_WARN_BLOCK_CAPTURE_AUTORELEASING = YES;
				CLANG_WARN_BOOL_CONVERSION = YES;
				CLANG_WARN_COMMA = YES;
				CLANG_WARN_CONSTANT_CONVERSION = YES;
				CLANG_WARN_DEPRECATED_OBJC_IMPLEMENTATIONS = YES;
				CLANG_WARN_DIRECT_OBJC_ISA_USAGE = YES_ERROR;
				CLANG_WARN_DOCUMENTATION_COMMENTS = YES;
				CLANG_WARN_EMPTY_BODY = YES;
				CLANG_WARN_ENUM_CONVERSION = YES;
				CLANG_WARN_INFINITE_RECURSION = YES;
				CLANG_WARN_INT_CONVERSION = YES;
				CLANG_WARN_NON_LITERAL_NULL_CONVERSION = YES;
				CLANG_WARN_OBJC_IMPLICIT_RETAIN_SELF = YES;
				CLANG_WARN_OBJC_LITERAL_CONVERSION = YES;
				CLANG_WARN_OBJC_ROOT_CLASS = YES_ERROR;
				CLANG_WARN_QUOTED_INCLUDE_IN_FRAMEWORK_HEADER = YES;
				CLANG_WARN_RANGE_LOOP_ANALYSIS = YES;
				CLANG_WARN_STRICT_PROTOTYPES = YES;
				CLANG_WARN_SUSPICIOUS_MOVE = YES;
				CLANG_WARN_UNGUARDED_AVAILABILITY = YES_AGGRESSIVE;
				CLANG_WARN_UNREACHABLE_CODE = YES;
				CLANG_WARN__DUPLICATE_METHOD_MATCH = YES;
				COPY_PHASE_STRIP = NO;
				DEBUG_INFORMATION_FORMAT = "dwarf-with-dsym";
				ENABLE_NS_ASSERTIONS = NO;
				ENABLE_STRICT_OBJC_MSGSEND = YES;
				GCC_C_LANGUAGE_STANDARD = gnu11;
				GCC_NO_COMMON_BLOCKS = YES;
				GCC_WARN_64_TO_32_BIT_CONVERSION = YES;
				GCC_WARN_ABOUT_RETURN_TYPE = YES_ERROR;
				GCC_WARN_UNDECLARED_SELECTOR = YES;
				GCC_WARN_UNINITIALIZED_AUTOS = YES_AGGRESSIVE;
				GCC_WARN_UNUSED_FUNCTION = YES;
				GCC_WARN_UNUSED_VARIABLE = YES;
				IPHONEOS_DEPLOYMENT_TARGET = 14.4;
				MTL_ENABLE_DEBUG_INFO = NO;
				MTL_FAST_MATH = YES;
				SDKROOT = iphoneos;
				SWIFT_COMPILATION_MODE = wholemodule;
				SWIFT_OPTIMIZATION_LEVEL = "-O";
				VALIDATE_PRODUCT = YES;
			};
			name = Release;
		};
		6312471B26239A6F0064EFE1 /* Debug */ = {
			isa = XCBuildConfiguration;
			buildSettings = {
				ASSETCATALOG_COMPILER_APPICON_NAME = AppIcon;
				ASSETCATALOG_COMPILER_GLOBAL_ACCENT_COLOR_NAME = AccentColor;
				CODE_SIGN_STYLE = Automatic;
				DEVELOPMENT_TEAM = V66UJ72Z63;
				FRAMEWORK_SEARCH_PATHS = (
					"$(inherited)",
					"$(PROJECT_DIR)/EchoBind-Spotify/Resources",
				);
				INFOPLIST_FILE = "EchoBind-Spotify/Resources/Info.plist";
				LD_RUNPATH_SEARCH_PATHS = (
					"$(inherited)",
					"@executable_path/Frameworks",
				);
				OTHER_LDFLAGS = "-ObjC";
				PRODUCT_BUNDLE_IDENTIFIER = "com.dbarkman.EchoBind-Spotify";
				PRODUCT_NAME = "$(TARGET_NAME)";
				SWIFT_OBJC_BRIDGING_HEADER = "EchoBind-Spotify/Resources/EchoBind-Spotify-Bridging-Header.h";
				SWIFT_VERSION = 5.0;
				TARGETED_DEVICE_FAMILY = "1,2";
			};
			name = Debug;
		};
		6312471C26239A6F0064EFE1 /* Release */ = {
			isa = XCBuildConfiguration;
			buildSettings = {
				ASSETCATALOG_COMPILER_APPICON_NAME = AppIcon;
				ASSETCATALOG_COMPILER_GLOBAL_ACCENT_COLOR_NAME = AccentColor;
				CODE_SIGN_STYLE = Automatic;
				DEVELOPMENT_TEAM = V66UJ72Z63;
				FRAMEWORK_SEARCH_PATHS = (
					"$(inherited)",
					"$(PROJECT_DIR)/EchoBind-Spotify/Resources",
				);
				INFOPLIST_FILE = "EchoBind-Spotify/Resources/Info.plist";
				LD_RUNPATH_SEARCH_PATHS = (
					"$(inherited)",
					"@executable_path/Frameworks",
				);
				OTHER_LDFLAGS = "-ObjC";
				PRODUCT_BUNDLE_IDENTIFIER = "com.dbarkman.EchoBind-Spotify";
				PRODUCT_NAME = "$(TARGET_NAME)";
				SWIFT_OBJC_BRIDGING_HEADER = "EchoBind-Spotify/Resources/EchoBind-Spotify-Bridging-Header.h";
				SWIFT_VERSION = 5.0;
				TARGETED_DEVICE_FAMILY = "1,2";
			};
			name = Release;
		};
		6312471E26239A6F0064EFE1 /* Debug */ = {
			isa = XCBuildConfiguration;
			buildSettings = {
				ALWAYS_EMBED_SWIFT_STANDARD_LIBRARIES = YES;
				BUNDLE_LOADER = "$(TEST_HOST)";
				CODE_SIGN_STYLE = Automatic;
				DEVELOPMENT_TEAM = V66UJ72Z63;
				INFOPLIST_FILE = "EchoBind-SpotifyTests/Info.plist";
				IPHONEOS_DEPLOYMENT_TARGET = 14.4;
				LD_RUNPATH_SEARCH_PATHS = (
					"$(inherited)",
					"@executable_path/Frameworks",
					"@loader_path/Frameworks",
				);
				PRODUCT_BUNDLE_IDENTIFIER = "com.dbarkman.EchoBind-SpotifyTests";
				PRODUCT_NAME = "$(TARGET_NAME)";
				SWIFT_VERSION = 5.0;
				TARGETED_DEVICE_FAMILY = "1,2";
				TEST_HOST = "$(BUILT_PRODUCTS_DIR)/EchoBind-Spotify.app/EchoBind-Spotify";
			};
			name = Debug;
		};
		6312471F26239A6F0064EFE1 /* Release */ = {
			isa = XCBuildConfiguration;
			buildSettings = {
				ALWAYS_EMBED_SWIFT_STANDARD_LIBRARIES = YES;
				BUNDLE_LOADER = "$(TEST_HOST)";
				CODE_SIGN_STYLE = Automatic;
				DEVELOPMENT_TEAM = V66UJ72Z63;
				INFOPLIST_FILE = "EchoBind-SpotifyTests/Info.plist";
				IPHONEOS_DEPLOYMENT_TARGET = 14.4;
				LD_RUNPATH_SEARCH_PATHS = (
					"$(inherited)",
					"@executable_path/Frameworks",
					"@loader_path/Frameworks",
				);
				PRODUCT_BUNDLE_IDENTIFIER = "com.dbarkman.EchoBind-SpotifyTests";
				PRODUCT_NAME = "$(TARGET_NAME)";
				SWIFT_VERSION = 5.0;
				TARGETED_DEVICE_FAMILY = "1,2";
				TEST_HOST = "$(BUILT_PRODUCTS_DIR)/EchoBind-Spotify.app/EchoBind-Spotify";
			};
			name = Release;
		};
		6312472126239A6F0064EFE1 /* Debug */ = {
			isa = XCBuildConfiguration;
			buildSettings = {
				ALWAYS_EMBED_SWIFT_STANDARD_LIBRARIES = YES;
				CODE_SIGN_STYLE = Automatic;
				DEVELOPMENT_TEAM = V66UJ72Z63;
				INFOPLIST_FILE = "EchoBind-SpotifyUITests/Info.plist";
				LD_RUNPATH_SEARCH_PATHS = (
					"$(inherited)",
					"@executable_path/Frameworks",
					"@loader_path/Frameworks",
				);
				PRODUCT_BUNDLE_IDENTIFIER = "com.dbarkman.EchoBind-SpotifyUITests";
				PRODUCT_NAME = "$(TARGET_NAME)";
				SWIFT_VERSION = 5.0;
				TARGETED_DEVICE_FAMILY = "1,2";
				TEST_TARGET_NAME = "EchoBind-Spotify";
			};
			name = Debug;
		};
		6312472226239A6F0064EFE1 /* Release */ = {
			isa = XCBuildConfiguration;
			buildSettings = {
				ALWAYS_EMBED_SWIFT_STANDARD_LIBRARIES = YES;
				CODE_SIGN_STYLE = Automatic;
				DEVELOPMENT_TEAM = V66UJ72Z63;
				INFOPLIST_FILE = "EchoBind-SpotifyUITests/Info.plist";
				LD_RUNPATH_SEARCH_PATHS = (
					"$(inherited)",
					"@executable_path/Frameworks",
					"@loader_path/Frameworks",
				);
				PRODUCT_BUNDLE_IDENTIFIER = "com.dbarkman.EchoBind-SpotifyUITests";
				PRODUCT_NAME = "$(TARGET_NAME)";
				SWIFT_VERSION = 5.0;
				TARGETED_DEVICE_FAMILY = "1,2";
				TEST_TARGET_NAME = "EchoBind-Spotify";
			};
			name = Release;
		};
/* End XCBuildConfiguration section */

/* Begin XCConfigurationList section */
		631246EB26239A6C0064EFE1 /* Build configuration list for PBXProject "EchoBind-Spotify" */ = {
			isa = XCConfigurationList;
			buildConfigurations = (
				6312471826239A6F0064EFE1 /* Debug */,
				6312471926239A6F0064EFE1 /* Release */,
			);
			defaultConfigurationIsVisible = 0;
			defaultConfigurationName = Release;
		};
		6312471A26239A6F0064EFE1 /* Build configuration list for PBXNativeTarget "EchoBind-Spotify" */ = {
			isa = XCConfigurationList;
			buildConfigurations = (
				6312471B26239A6F0064EFE1 /* Debug */,
				6312471C26239A6F0064EFE1 /* Release */,
			);
			defaultConfigurationIsVisible = 0;
			defaultConfigurationName = Release;
		};
		6312471D26239A6F0064EFE1 /* Build configuration list for PBXNativeTarget "EchoBind-SpotifyTests" */ = {
			isa = XCConfigurationList;
			buildConfigurations = (
				6312471E26239A6F0064EFE1 /* Debug */,
				6312471F26239A6F0064EFE1 /* Release */,
			);
			defaultConfigurationIsVisible = 0;
			defaultConfigurationName = Release;
		};
		6312472026239A6F0064EFE1 /* Build configuration list for PBXNativeTarget "EchoBind-SpotifyUITests" */ = {
			isa = XCConfigurationList;
			buildConfigurations = (
				6312472126239A6F0064EFE1 /* Debug */,
				6312472226239A6F0064EFE1 /* Release */,
			);
			defaultConfigurationIsVisible = 0;
			defaultConfigurationName = Release;
		};
/* End XCConfigurationList section */
	};
	rootObject = 631246E826239A6C0064EFE1 /* Project object */;
}
